
Microsoft Visual Studio Solution File, Format Version 12.00
# Visual Studio Version 17
VisualStudioVersion = 17.12.35527.113 d17.12
MinimumVisualStudioVersion = 10.0.40219.1
Project("{FAE04EC0-301F-11D3-BF4B-00C04F79EFBC}") = "verify fake or real card", "verify fake or real card\verify fake or real card.csproj", "{438DDBCD-2F38-47EA-A9BC-0820852CE430}"
EndProject
Global
	GlobalSection(SolutionConfigurationPlatforms) = preSolution
		Debug|Any CPU = Debug|Any CPU
		Release|Any CPU = Release|Any CPU
	EndGlobalSection
	GlobalSection(ProjectConfigurationPlatforms) = postSolution
		{438DDBCD-2F38-47EA-A9BC-0820852CE430}.Debug|Any CPU.ActiveCfg = Debug|Any CPU
		{438DDBCD-2F38-47EA-A9BC-0820852CE430}.Debug|Any CPU.Build.0 = Debug|Any CPU
		{438DDBCD-2F38-47EA-A9BC-0820852CE430}.Release|Any CPU.ActiveCfg = Release|Any CPU
		{438DDBCD-2F38-47EA-A9BC-0820852CE430}.Release|Any CPU.Build.0 = Release|Any CPU
	EndGlobalSection
	GlobalSection(SolutionProperties) = preSolution
		HideSolutionNode = FALSE
	EndGlobalSection
EndGlobal
